
Microsoft Visual Studio Solution File, Format Version 12.00
# Visual Studio Version 16
VisualStudioVersion = 16.0.29613.14
MinimumVisualStudioVersion = 10.0.40219.1
Project("{9A19103F-16F7-4668-BE54-9A1E7A4F7556}") = "adapter", "adapter.csproj", "{B209007A-E230-4F40-B279-AC87656FEA0A}"
EndProject
Project("{FAE04EC0-301F-11D3-BF4B-00C04F79EFBC}") = "facade", "..\facade\facade.csproj", "{733CCEF9-8E74-4C8F-9596-3A8B85E6CED6}"
EndProject
Global
	GlobalSection(SolutionConfigurationPlatforms) = preSolution
		Debug|Any CPU = Debug|Any CPU
		Release|Any CPU = Release|Any CPU
	EndGlobalSection
	GlobalSection(ProjectConfigurationPlatforms) = postSolution
		{B209007A-E230-4F40-B279-AC87656FEA0A}.Debug|Any CPU.ActiveCfg = Debug|Any CPU
		{B209007A-E230-4F40-B279-AC87656FEA0A}.Debug|Any CPU.Build.0 = Debug|Any CPU
		{B209007A-E230-4F40-B279-AC87656FEA0A}.Release|Any CPU.ActiveCfg = Release|Any CPU
		{B209007A-E230-4F40-B279-AC87656FEA0A}.Release|Any CPU.Build.0 = Release|Any CPU
		{733CCEF9-8E74-4C8F-9596-3A8B85E6CED6}.Debug|Any CPU.ActiveCfg = Debug|Any CPU
		{733CCEF9-8E74-4C8F-9596-3A8B85E6CED6}.Debug|Any CPU.Build.0 = Debug|Any CPU
		{733CCEF9-8E74-4C8F-9596-3A8B85E6CED6}.Release|Any CPU.ActiveCfg = Release|Any CPU
		{733CCEF9-8E74-4C8F-9596-3A8B85E6CED6}.Release|Any CPU.Build.0 = Release|Any CPU
	EndGlobalSection
	GlobalSection(SolutionProperties) = preSolution
		HideSolutionNode = FALSE
	EndGlobalSection
	GlobalSection(ExtensibilityGlobals) = postSolution
		SolutionGuid = {CFC9311E-B1FC-4487-93E1-E0DFE155CC7E}
	EndGlobalSection
EndGlobal
